
Microsoft Visual Studio Solution File, Format Version 12.00
# Visual Studio 15
VisualStudioVersion = 15.0.28010.2048
MinimumVisualStudioVersion = 10.0.40219.1
Project("{FAE04EC0-301F-11D3-BF4B-00C04F79EFBC}") = "TextInputLayout.Android", "TextInputLayout\TextInputLayout.Android\TextInputLayout.Android.csproj", "{DCA223EF-E605-4123-89B5-8E61C56295F4}"
EndProject
Project("{FAE04EC0-301F-11D3-BF4B-00C04F79EFBC}") = "TextInputLayout.iOS", "TextInputLayout\TextInputLayout.iOS\TextInputLayout.iOS.csproj", "{E3F6D366-DD43-48E1-A905-2412AE3883E1}"
EndProject
Project("{FAE04EC0-301F-11D3-BF4B-00C04F79EFBC}") = "TextInputLayout.UWP", "TextInputLayout\TextInputLayout.UWP\TextInputLayout.UWP.csproj", "{08872B06-F335-4E29-8AC4-203B587C089A}"
EndProject
Project("{9A19103F-16F7-4668-BE54-9A1E7A4F7556}") = "TextInputLayout", "TextInputLayout\TextInputLayout\TextInputLayout.csproj", "{5451689D-4EC9-4B21-87B1-6683E8E598F1}"
EndProject
Global
	GlobalSection(SolutionConfigurationPlatforms) = preSolution
		Ad-Hoc|Any CPU = Ad-Hoc|Any CPU
		Ad-Hoc|ARM = Ad-Hoc|ARM
		Ad-Hoc|iPhone = Ad-Hoc|iPhone
		Ad-Hoc|iPhoneSimulator = Ad-Hoc|iPhoneSimulator
		Ad-Hoc|x64 = Ad-Hoc|x64
		Ad-Hoc|x86 = Ad-Hoc|x86
		AppStore|Any CPU = AppStore|Any CPU
		AppStore|ARM = AppStore|ARM
		AppStore|iPhone = AppStore|iPhone
		AppStore|iPhoneSimulator = AppStore|iPhoneSimulator
		AppStore|x64 = AppStore|x64
		AppStore|x86 = AppStore|x86
		Debug|Any CPU = Debug|Any CPU
		Debug|ARM = Debug|ARM
		Debug|iPhone = Debug|iPhone
		Debug|iPhoneSimulator = Debug|iPhoneSimulator
		Debug|x64 = Debug|x64
		Debug|x86 = Debug|x86
		Release|Any CPU = Release|Any CPU
		Release|ARM = Release|ARM
		Release|iPhone = Release|iPhone
		Release|iPhoneSimulator = Release|iPhoneSimulator
		Release|x64 = Release|x64
		Release|x86 = Release|x86
		Release-xml|Any CPU = Release-xml|Any CPU
		Release-xml|ARM = Release-xml|ARM
		Release-xml|iPhone = Release-xml|iPhone
		Release-xml|iPhoneSimulator = Release-xml|iPhoneSimulator
		Release-xml|x64 = Release-xml|x64
		Release-xml|x86 = Release-xml|x86
	EndGlobalSection
	GlobalSection(ProjectConfigurationPlatforms) = postSolution
		{DCA223EF-E605-4123-89B5-8E61C56295F4}.Ad-Hoc|Any CPU.ActiveCfg = Release|Any CPU
		{DCA223EF-E605-4123-89B5-8E61C56295F4}.Ad-Hoc|Any CPU.Build.0 = Release|Any CPU
		{DCA223EF-E605-4123-89B5-8E61C56295F4}.Ad-Hoc|Any CPU.Deploy.0 = Release|Any CPU
		{DCA223EF-E605-4123-89B5-8E61C56295F4}.Ad-Hoc|ARM.ActiveCfg = Release|Any CPU
		{DCA223EF-E605-4123-89B5-8E61C56295F4}.Ad-Hoc|ARM.Build.0 = Release|Any CPU
		{DCA223EF-E605-4123-89B5-8E61C56295F4}.Ad-Hoc|ARM.Deploy.0 = Release|Any CPU
		{DCA223EF-E605-4123-89B5-8E61C56295F4}.Ad-Hoc|iPhone.ActiveCfg = Release|Any CPU
		{DCA223EF-E605-4123-89B5-8E61C56295F4}.Ad-Hoc|iPhone.Build.0 = Release|Any CPU
		{DCA223EF-E605-4123-89B5-8E61C56295F4}.Ad-Hoc|iPhone.Deploy.0 = Release|Any CPU
		{DCA223EF-E605-4123-89B5-8E61C56295F4}.Ad-Hoc|iPhoneSimulator.ActiveCfg = Release|Any CPU
		{DCA223EF-E605-4123-89B5-8E61C56295F4}.Ad-Hoc|iPhoneSimulator.Build.0 = Release|Any CPU
		{DCA223EF-E605-4123-89B5-8E61C56295F4}.Ad-Hoc|iPhoneSimulator.Deploy.0 = Release|Any CPU
		{DCA223EF-E605-4123-89B5-8E61C56295F4}.Ad-Hoc|x64.ActiveCfg = Release|Any CPU
		{DCA223EF-E605-4123-89B5-8E61C56295F4}.Ad-Hoc|x64.Build.0 = Release|Any CPU
		{DCA223EF-E605-4123-89B5-8E61C56295F4}.Ad-Hoc|x64.Deploy.0 = Release|Any CPU
		{DCA223EF-E605-4123-89B5-8E61C56295F4}.Ad-Hoc|x86.ActiveCfg = Release|Any CPU
		{DCA223EF-E605-4123-89B5-8E61C56295F4}.Ad-Hoc|x86.Build.0 = Release|Any CPU
		{DCA223EF-E605-4123-89B5-8E61C56295F4}.Ad-Hoc|x86.Deploy.0 = Release|Any CPU
		{DCA223EF-E605-4123-89B5-8E61C56295F4}.AppStore|Any CPU.ActiveCfg = Release|Any CPU
		{DCA223EF-E605-4123-89B5-8E61C56295F4}.AppStore|Any CPU.Build.0 = Release|Any CPU
		{DCA223EF-E605-4123-89B5-8E61C56295F4}.AppStore|Any CPU.Deploy.0 = Release|Any CPU
		{DCA223EF-E605-4123-89B5-8E61C56295F4}.AppStore|ARM.ActiveCfg = Release|Any CPU
		{DCA223EF-E605-4123-89B5-8E61C56295F4}.AppStore|ARM.Build.0 = Release|Any CPU
		{DCA223EF-E605-4123-89B5-8E61C56295F4}.AppStore|ARM.Deploy.0 = Release|Any CPU
		{DCA223EF-E605-4123-89B5-8E61C56295F4}.AppStore|iPhone.ActiveCfg = Release|Any CPU
		{DCA223EF-E605-4123-89B5-8E61C56295F4}.AppStore|iPhone.Build.0 = Release|Any CPU
		{DCA223EF-E605-4123-89B5-8E61C56295F4}.AppStore|iPhone.Deploy.0 = Release|Any CPU
		{DCA223EF-E605-4123-89B5-8E61C56295F4}.AppStore|iPhoneSimulator.ActiveCfg = Release|Any CPU
		{DCA223EF-E605-4123-89B5-8E61C56295F4}.AppStore|iPhoneSimulator.Build.0 = Release|Any CPU
		{DCA223EF-E605-4123-89B5-8E61C56295F4}.AppStore|iPhoneSimulator.Deploy.0 = Release|Any CPU
		{DCA223EF-E605-4123-89B5-8E61C56295F4}.AppStore|x64.ActiveCfg = Release|Any CPU
		{DCA223EF-E605-4123-89B5-8E61C56295F4}.AppStore|x64.Build.0 = Release|Any CPU
		{DCA223EF-E605-4123-89B5-8E61C56295F4}.AppStore|x64.Deploy.0 = Release|Any CPU
		{DCA223EF-E605-4123-89B5-8E61C56295F4}.AppStore|x86.ActiveCfg = Release|Any CPU
		{DCA223EF-E605-4123-89B5-8E61C56295F4}.AppStore|x86.Build.0 = Release|Any CPU
		{DCA223EF-E605-4123-89B5-8E61C56295F4}.AppStore|x86.Deploy.0 = Release|Any CPU
		{DCA223EF-E605-4123-89B5-8E61C56295F4}.Debug|Any CPU.ActiveCfg = Debug|Any CPU
		{DCA223EF-E605-4123-89B5-8E61C56295F4}.Debug|Any CPU.Build.0 = Debug|Any CPU
		{DCA223EF-E605-4123-89B5-8E61C56295F4}.Debug|Any CPU.Deploy.0 = Debug|Any CPU
		{DCA223EF-E605-4123-89B5-8E61C56295F4}.Debug|ARM.ActiveCfg = Debug|Any CPU
		{DCA223EF-E605-4123-89B5-8E61C56295F4}.Debug|ARM.Build.0 = Debug|Any CPU
		{DCA223EF-E605-4123-89B5-8E61C56295F4}.Debug|ARM.Deploy.0 = Debug|Any CPU
		{DCA223EF-E605-4123-89B5-8E61C56295F4}.Debug|iPhone.ActiveCfg = Debug|Any CPU
		{DCA223EF-E605-4123-89B5-8E61C56295F4}.Debug|iPhone.Build.0 = Debug|Any CPU
		{DCA223EF-E605-4123-89B5-8E61C56295F4}.Debug|iPhone.Deploy.0 = Debug|Any CPU
		{DCA223EF-E605-4123-89B5-8E61C56295F4}.Debug|iPhoneSimulator.ActiveCfg = Debug|Any CPU
		{DCA223EF-E605-4123-89B5-8E61C56295F4}.Debug|iPhoneSimulator.Build.0 = Debug|Any CPU
		{DCA223EF-E605-4123-89B5-8E61C56295F4}.Debug|iPhoneSimulator.Deploy.0 = Debug|Any CPU
		{DCA223EF-E605-4123-89B5-8E61C56295F4}.Debug|x64.ActiveCfg = Debug|Any CPU
		{DCA223EF-E605-4123-89B5-8E61C56295F4}.Debug|x64.Build.0 = Debug|Any CPU
		{DCA223EF-E605-4123-89B5-8E61C56295F4}.Debug|x64.Deploy.0 = Debug|Any CPU
		{DCA223EF-E605-4123-89B5-8E61C56295F4}.Debug|x86.ActiveCfg = Debug|Any CPU
		{DCA223EF-E605-4123-89B5-8E61C56295F4}.Debug|x86.Build.0 = Debug|Any CPU
		{DCA223EF-E605-4123-89B5-8E61C56295F4}.Debug|x86.Deploy.0 = Debug|Any CPU
		{DCA223EF-E605-4123-89B5-8E61C56295F4}.Release|Any CPU.ActiveCfg = Release|Any CPU
		{DCA223EF-E605-4123-89B5-8E61C56295F4}.Release|Any CPU.Build.0 = Release|Any CPU
		{DCA223EF-E605-4123-89B5-8E61C56295F4}.Release|Any CPU.Deploy.0 = Release|Any CPU
		{DCA223EF-E605-4123-89B5-8E61C56295F4}.Release|ARM.ActiveCfg = Release|Any CPU
		{DCA223EF-E605-4123-89B5-8E61C56295F4}.Release|ARM.Build.0 = Release|Any CPU
		{DCA223EF-E605-4123-89B5-8E61C56295F4}.Release|ARM.Deploy.0 = Release|Any CPU
		{DCA223EF-E605-4123-89B5-8E61C56295F4}.Release|iPhone.ActiveCfg = Release|Any CPU
		{DCA223EF-E605-4123-89B5-8E61C56295F4}.Release|iPhone.Build.0 = Release|Any CPU
		{DCA223EF-E605-4123-89B5-8E61C56295F4}.Release|iPhone.Deploy.0 = Release|Any CPU
		{DCA223EF-E605-4123-89B5-8E61C56295F4}.Release|iPhoneSimulator.ActiveCfg = Release|Any CPU
		{DCA223EF-E605-4123-89B5-8E61C56295F4}.Release|iPhoneSimulator.Build.0 = Release|Any CPU
		{DCA223EF-E605-4123-89B5-8E61C56295F4}.Release|iPhoneSimulator.Deploy.0 = Release|Any CPU
		{DCA223EF-E605-4123-89B5-8E61C56295F4}.Release|x64.ActiveCfg = Release|Any CPU
		{DCA223EF-E605-4123-89B5-8E61C56295F4}.Release|x64.Build.0 = Release|Any CPU
		{DCA223EF-E605-4123-89B5-8E61C56295F4}.Release|x64.Deploy.0 = Release|Any CPU
		{DCA223EF-E605-4123-89B5-8E61C56295F4}.Release|x86.ActiveCfg = Release|Any CPU
		{DCA223EF-E605-4123-89B5-8E61C56295F4}.Release|x86.Build.0 = Release|Any CPU
		{DCA223EF-E605-4123-89B5-8E61C56295F4}.Release|x86.Deploy.0 = Release|Any CPU
		{DCA223EF-E605-4123-89B5-8E61C56295F4}.Release-xml|Any CPU.ActiveCfg = Release|Any CPU
		{DCA223EF-E605-4123-89B5-8E61C56295F4}.Release-xml|ARM.ActiveCfg = Release|Any CPU
		{DCA223EF-E605-4123-89B5-8E61C56295F4}.Release-xml|iPhone.ActiveCfg = Release|Any CPU
		{DCA223EF-E605-4123-89B5-8E61C56295F4}.Release-xml|iPhoneSimulator.ActiveCfg = Release|Any CPU
		{DCA223EF-E605-4123-89B5-8E61C56295F4}.Release-xml|x64.ActiveCfg = Release|Any CPU
		{DCA223EF-E605-4123-89B5-8E61C56295F4}.Release-xml|x86.ActiveCfg = Release|Any CPU
		{E3F6D366-DD43-48E1-A905-2412AE3883E1}.Ad-Hoc|Any CPU.ActiveCfg = Ad-Hoc|iPhone
		{E3F6D366-DD43-48E1-A905-2412AE3883E1}.Ad-Hoc|Any CPU.Build.0 = Ad-Hoc|iPhone
		{E3F6D366-DD43-48E1-A905-2412AE3883E1}.Ad-Hoc|Any CPU.Deploy.0 = Ad-Hoc|iPhone
		{E3F6D366-DD43-48E1-A905-2412AE3883E1}.Ad-Hoc|ARM.ActiveCfg = Ad-Hoc|iPhone
		{E3F6D366-DD43-48E1-A905-2412AE3883E1}.Ad-Hoc|ARM.Build.0 = Ad-Hoc|iPhone
		{E3F6D366-DD43-48E1-A905-2412AE3883E1}.Ad-Hoc|ARM.Deploy.0 = Ad-Hoc|iPhone
		{E3F6D366-DD43-48E1-A905-2412AE3883E1}.Ad-Hoc|iPhone.ActiveCfg = Ad-Hoc|iPhone
		{E3F6D366-DD43-48E1-A905-2412AE3883E1}.Ad-Hoc|iPhone.Build.0 = Ad-Hoc|iPhone
		{E3F6D366-DD43-48E1-A905-2412AE3883E1}.Ad-Hoc|iPhone.Deploy.0 = Ad-Hoc|iPhone
		{E3F6D366-DD43-48E1-A905-2412AE3883E1}.Ad-Hoc|iPhoneSimulator.ActiveCfg = Ad-Hoc|iPhoneSimulator
		{E3F6D366-DD43-48E1-A905-2412AE3883E1}.Ad-Hoc|iPhoneSimulator.Build.0 = Ad-Hoc|iPhoneSimulator
		{E3F6D366-DD43-48E1-A905-2412AE3883E1}.Ad-Hoc|iPhoneSimulator.Deploy.0 = Ad-Hoc|iPhoneSimulator
		{E3F6D366-DD43-48E1-A905-2412AE3883E1}.Ad-Hoc|x64.ActiveCfg = Ad-Hoc|iPhone
		{E3F6D366-DD43-48E1-A905-2412AE3883E1}.Ad-Hoc|x64.Build.0 = Ad-Hoc|iPhone
		{E3F6D366-DD43-48E1-A905-2412AE3883E1}.Ad-Hoc|x64.Deploy.0 = Ad-Hoc|iPhone
		{E3F6D366-DD43-48E1-A905-2412AE3883E1}.Ad-Hoc|x86.ActiveCfg = Ad-Hoc|iPhone
		{E3F6D366-DD43-48E1-A905-2412AE3883E1}.Ad-Hoc|x86.Build.0 = Ad-Hoc|iPhone
		{E3F6D366-DD43-48E1-A905-2412AE3883E1}.Ad-Hoc|x86.Deploy.0 = Ad-Hoc|iPhone
		{E3F6D366-DD43-48E1-A905-2412AE3883E1}.AppStore|Any CPU.ActiveCfg = AppStore|iPhone
		{E3F6D366-DD43-48E1-A905-2412AE3883E1}.AppStore|Any CPU.Build.0 = AppStore|iPhone
		{E3F6D366-DD43-48E1-A905-2412AE3883E1}.AppStore|Any CPU.Deploy.0 = AppStore|iPhone
		{E3F6D366-DD43-48E1-A905-2412AE3883E1}.AppStore|ARM.ActiveCfg = AppStore|iPhone
		{E3F6D366-DD43-48E1-A905-2412AE3883E1}.AppStore|ARM.Build.0 = AppStore|iPhone
		{E3F6D366-DD43-48E1-A905-2412AE3883E1}.AppStore|ARM.Deploy.0 = AppStore|iPhone
		{E3F6D366-DD43-48E1-A905-2412AE3883E1}.AppStore|iPhone.ActiveCfg = AppStore|iPhone
		{E3F6D366-DD43-48E1-A905-2412AE3883E1}.AppStore|iPhone.Build.0 = AppStore|iPhone
		{E3F6D366-DD43-48E1-A905-2412AE3883E1}.AppStore|iPhone.Deploy.0 = AppStore|iPhone
		{E3F6D366-DD43-48E1-A905-2412AE3883E1}.AppStore|iPhoneSimulator.ActiveCfg = AppStore|iPhoneSimulator
		{E3F6D366-DD43-48E1-A905-2412AE3883E1}.AppStore|iPhoneSimulator.Build.0 = AppStore|iPhoneSimulator
		{E3F6D366-DD43-48E1-A905-2412AE3883E1}.AppStore|iPhoneSimulator.Deploy.0 = AppStore|iPhoneSimulator
		{E3F6D366-DD43-48E1-A905-2412AE3883E1}.AppStore|x64.ActiveCfg = AppStore|iPhone
		{E3F6D366-DD43-48E1-A905-2412AE3883E1}.AppStore|x64.Build.0 = AppStore|iPhone
		{E3F6D366-DD43-48E1-A905-2412AE3883E1}.AppStore|x64.Deploy.0 = AppStore|iPhone
		{E3F6D366-DD43-48E1-A905-2412AE3883E1}.AppStore|x86.ActiveCfg = AppStore|iPhone
		{E3F6D366-DD43-48E1-A905-2412AE3883E1}.AppStore|x86.Build.0 = AppStore|iPhone
		{E3F6D366-DD43-48E1-A905-2412AE3883E1}.AppStore|x86.Deploy.0 = AppStore|iPhone
		{E3F6D366-DD43-48E1-A905-2412AE3883E1}.Debug|Any CPU.ActiveCfg = Debug|iPhoneSimulator
		{E3F6D366-DD43-48E1-A905-2412AE3883E1}.Debug|Any CPU.Build.0 = Debug|iPhoneSimulator
		{E3F6D366-DD43-48E1-A905-2412AE3883E1}.Debug|Any CPU.Deploy.0 = Debug|iPhoneSimulator
		{E3F6D366-DD43-48E1-A905-2412AE3883E1}.Debug|ARM.ActiveCfg = Debug|iPhone
		{E3F6D366-DD43-48E1-A905-2412AE3883E1}.Debug|ARM.Build.0 = Debug|iPhone
		{E3F6D366-DD43-48E1-A905-2412AE3883E1}.Debug|ARM.Deploy.0 = Debug|iPhone
		{E3F6D366-DD43-48E1-A905-2412AE3883E1}.Debug|iPhone.ActiveCfg = Debug|iPhone
		{E3F6D366-DD43-48E1-A905-2412AE3883E1}.Debug|iPhone.Build.0 = Debug|iPhone
		{E3F6D366-DD43-48E1-A905-2412AE3883E1}.Debug|iPhone.Deploy.0 = Debug|iPhone
		{E3F6D366-DD43-48E1-A905-2412AE3883E1}.Debug|iPhoneSimulator.ActiveCfg = Debug|iPhoneSimulator
		{E3F6D366-DD43-48E1-A905-2412AE3883E1}.Debug|iPhoneSimulator.Build.0 = Debug|iPhoneSimulator
		{E3F6D366-DD43-48E1-A905-2412AE3883E1}.Debug|iPhoneSimulator.Deploy.0 = Debug|iPhoneSimulator
		{E3F6D366-DD43-48E1-A905-2412AE3883E1}.Debug|x64.ActiveCfg = Debug|iPhone
		{E3F6D366-DD43-48E1-A905-2412AE3883E1}.Debug|x64.Build.0 = Debug|iPhone
		{E3F6D366-DD43-48E1-A905-2412AE3883E1}.Debug|x64.Deploy.0 = Debug|iPhone
		{E3F6D366-DD43-48E1-A905-2412AE3883E1}.Debug|x86.ActiveCfg = Debug|iPhone
		{E3F6D366-DD43-48E1-A905-2412AE3883E1}.Debug|x86.Build.0 = Debug|iPhone
		{E3F6D366-DD43-48E1-A905-2412AE3883E1}.Debug|x86.Deploy.0 = Debug|iPhone
		{E3F6D366-DD43-48E1-A905-2412AE3883E1}.Release|Any CPU.ActiveCfg = Release|iPhone
		{E3F6D366-DD43-48E1-A905-2412AE3883E1}.Release|Any CPU.Build.0 = Release|iPhone
		{E3F6D366-DD43-48E1-A905-2412AE3883E1}.Release|Any CPU.Deploy.0 = Release|iPhone
		{E3F6D366-DD43-48E1-A905-2412AE3883E1}.Release|ARM.ActiveCfg = Release|iPhone
		{E3F6D366-DD43-48E1-A905-2412AE3883E1}.Release|ARM.Build.0 = Release|iPhone
		{E3F6D366-DD43-48E1-A905-2412AE3883E1}.Release|ARM.Deploy.0 = Release|iPhone
		{E3F6D366-DD43-48E1-A905-2412AE3883E1}.Release|iPhone.ActiveCfg = Release|iPhone
		{E3F6D366-DD43-48E1-A905-2412AE3883E1}.Release|iPhone.Build.0 = Release|iPhone
		{E3F6D366-DD43-48E1-A905-2412AE3883E1}.Release|iPhone.Deploy.0 = Release|iPhone
		{E3F6D366-DD43-48E1-A905-2412AE3883E1}.Release|iPhoneSimulator.ActiveCfg = Release|iPhoneSimulator
		{E3F6D366-DD43-48E1-A905-2412AE3883E1}.Release|iPhoneSimulator.Build.0 = Release|iPhoneSimulator
		{E3F6D366-DD43-48E1-A905-2412AE3883E1}.Release|iPhoneSimulator.Deploy.0 = Release|iPhoneSimulator
		{E3F6D366-DD43-48E1-A905-2412AE3883E1}.Release|x64.ActiveCfg = Release|iPhone
		{E3F6D366-DD43-48E1-A905-2412AE3883E1}.Release|x64.Build.0 = Release|iPhone
		{E3F6D366-DD43-48E1-A905-2412AE3883E1}.Release|x64.Deploy.0 = Release|iPhone
		{E3F6D366-DD43-48E1-A905-2412AE3883E1}.Release|x86.ActiveCfg = Release|iPhone
		{E3F6D366-DD43-48E1-A905-2412AE3883E1}.Release|x86.Build.0 = Release|iPhone
		{E3F6D366-DD43-48E1-A905-2412AE3883E1}.Release|x86.Deploy.0 = Release|iPhone
		{E3F6D366-DD43-48E1-A905-2412AE3883E1}.Release-xml|Any CPU.ActiveCfg = Release|iPhoneSimulator
		{E3F6D366-DD43-48E1-A905-2412AE3883E1}.Release-xml|ARM.ActiveCfg = Release|iPhoneSimulator
		{E3F6D366-DD43-48E1-A905-2412AE3883E1}.Release-xml|iPhone.ActiveCfg = Release|iPhone
		{E3F6D366-DD43-48E1-A905-2412AE3883E1}.Release-xml|iPhoneSimulator.ActiveCfg = Release|iPhoneSimulator
		{E3F6D366-DD43-48E1-A905-2412AE3883E1}.Release-xml|x64.ActiveCfg = Release|iPhoneSimulator
		{E3F6D366-DD43-48E1-A905-2412AE3883E1}.Release-xml|x86.ActiveCfg = Release|iPhoneSimulator
		{08872B06-F335-4E29-8AC4-203B587C089A}.Ad-Hoc|Any CPU.ActiveCfg = Release|x86
		{08872B06-F335-4E29-8AC4-203B587C089A}.Ad-Hoc|Any CPU.Build.0 = Release|x86
		{08872B06-F335-4E29-8AC4-203B587C089A}.Ad-Hoc|Any CPU.Deploy.0 = Release|x86
		{08872B06-F335-4E29-8AC4-203B587C089A}.Ad-Hoc|ARM.ActiveCfg = Release|ARM
		{08872B06-F335-4E29-8AC4-203B587C089A}.Ad-Hoc|ARM.Build.0 = Release|ARM
		{08872B06-F335-4E29-8AC4-203B587C089A}.Ad-Hoc|ARM.Deploy.0 = Release|ARM
		{08872B06-F335-4E29-8AC4-203B587C089A}.Ad-Hoc|iPhone.ActiveCfg = Release|x86
		{08872B06-F335-4E29-8AC4-203B587C089A}.Ad-Hoc|iPhone.Build.0 = Release|x86
		{08872B06-F335-4E29-8AC4-203B587C089A}.Ad-Hoc|iPhone.Deploy.0 = Release|x86
		{08872B06-F335-4E29-8AC4-203B587C089A}.Ad-Hoc|iPhoneSimulator.ActiveCfg = Release|x86
		{08872B06-F335-4E29-8AC4-203B587C089A}.Ad-Hoc|iPhoneSimulator.Build.0 = Release|x86
		{08872B06-F335-4E29-8AC4-203B587C089A}.Ad-Hoc|iPhoneSimulator.Deploy.0 = Release|x86
		{08872B06-F335-4E29-8AC4-203B587C089A}.Ad-Hoc|x64.ActiveCfg = Release|x64
		{08872B06-F335-4E29-8AC4-203B587C089A}.Ad-Hoc|x64.Build.0 = Release|x64
		{08872B06-F335-4E29-8AC4-203B587C089A}.Ad-Hoc|x64.Deploy.0 = Release|x64
		{08872B06-F335-4E29-8AC4-203B587C089A}.Ad-Hoc|x86.ActiveCfg = Release|x86
		{08872B06-F335-4E29-8AC4-203B587C089A}.Ad-Hoc|x86.Build.0 = Release|x86
		{08872B06-F335-4E29-8AC4-203B587C089A}.Ad-Hoc|x86.Deploy.0 = Release|x86
		{08872B06-F335-4E29-8AC4-203B587C089A}.AppStore|Any CPU.ActiveCfg = Release|x86
		{08872B06-F335-4E29-8AC4-203B587C089A}.AppStore|Any CPU.Build.0 = Release|x86
		{08872B06-F335-4E29-8AC4-203B587C089A}.AppStore|Any CPU.Deploy.0 = Release|x86
		{08872B06-F335-4E29-8AC4-203B587C089A}.AppStore|ARM.ActiveCfg = Release|ARM
		{08872B06-F335-4E29-8AC4-203B587C089A}.AppStore|ARM.Build.0 = Release|ARM
		{08872B06-F335-4E29-8AC4-203B587C089A}.AppStore|ARM.Deploy.0 = Release|ARM
		{08872B06-F335-4E29-8AC4-203B587C089A}.AppStore|iPhone.ActiveCfg = Release|x86
		{08872B06-F335-4E29-8AC4-203B587C089A}.AppStore|iPhone.Build.0 = Release|x86
		{08872B06-F335-4E29-8AC4-203B587C089A}.AppStore|iPhone.Deploy.0 = Release|x86
		{08872B06-F335-4E29-8AC4-203B587C089A}.AppStore|iPhoneSimulator.ActiveCfg = Release|x86
		{08872B06-F335-4E29-8AC4-203B587C089A}.AppStore|iPhoneSimulator.Build.0 = Release|x86
		{08872B06-F335-4E29-8AC4-203B587C089A}.AppStore|iPhoneSimulator.Deploy.0 = Release|x86
		{08872B06-F335-4E29-8AC4-203B587C089A}.AppStore|x64.ActiveCfg = Release|x64
		{08872B06-F335-4E29-8AC4-203B587C089A}.AppStore|x64.Build.0 = Release|x64
		{08872B06-F335-4E29-8AC4-203B587C089A}.AppStore|x64.Deploy.0 = Release|x64
		{08872B06-F335-4E29-8AC4-203B587C089A}.AppStore|x86.ActiveCfg = Release|x86
		{08872B06-F335-4E29-8AC4-203B587C089A}.AppStore|x86.Build.0 = Release|x86
		{08872B06-F335-4E29-8AC4-203B587C089A}.AppStore|x86.Deploy.0 = Release|x86
		{08872B06-F335-4E29-8AC4-203B587C089A}.Debug|Any CPU.ActiveCfg = Debug|x86
		{08872B06-F335-4E29-8AC4-203B587C089A}.Debug|Any CPU.Build.0 = Debug|x86
		{08872B06-F335-4E29-8AC4-203B587C089A}.Debug|Any CPU.Deploy.0 = Debug|x86
		{08872B06-F335-4E29-8AC4-203B587C089A}.Debug|ARM.ActiveCfg = Debug|ARM
		{08872B06-F335-4E29-8AC4-203B587C089A}.Debug|ARM.Build.0 = Debug|ARM
		{08872B06-F335-4E29-8AC4-203B587C089A}.Debug|ARM.Deploy.0 = Debug|ARM
		{08872B06-F335-4E29-8AC4-203B587C089A}.Debug|iPhone.ActiveCfg = Debug|x86
		{08872B06-F335-4E29-8AC4-203B587C089A}.Debug|iPhone.Build.0 = Debug|x86
		{08872B06-F335-4E29-8AC4-203B587C089A}.Debug|iPhone.Deploy.0 = Debug|x86
		{08872B06-F335-4E29-8AC4-203B587C089A}.Debug|iPhoneSimulator.ActiveCfg = Debug|x86
		{08872B06-F335-4E29-8AC4-203B587C089A}.Debug|iPhoneSimulator.Build.0 = Debug|x86
		{08872B06-F335-4E29-8AC4-203B587C089A}.Debug|iPhoneSimulator.Deploy.0 = Debug|x86
		{08872B06-F335-4E29-8AC4-203B587C089A}.Debug|x64.ActiveCfg = Debug|x64
		{08872B06-F335-4E29-8AC4-203B587C089A}.Debug|x64.Build.0 = Debug|x64
		{08872B06-F335-4E29-8AC4-203B587C089A}.Debug|x64.Deploy.0 = Debug|x64
		{08872B06-F335-4E29-8AC4-203B587C089A}.Debug|x86.ActiveCfg = Debug|x86
		{08872B06-F335-4E29-8AC4-203B587C089A}.Debug|x86.Build.0 = Debug|x86
		{08872B06-F335-4E29-8AC4-203B587C089A}.Debug|x86.Deploy.0 = Debug|x86
		{08872B06-F335-4E29-8AC4-203B587C089A}.Release|Any CPU.ActiveCfg = Release|x86
		{08872B06-F335-4E29-8AC4-203B587C089A}.Release|Any CPU.Build.0 = Release|x86
		{08872B06-F335-4E29-8AC4-203B587C089A}.Release|Any CPU.Deploy.0 = Release|x86
		{08872B06-F335-4E29-8AC4-203B587C089A}.Release|ARM.ActiveCfg = Release|ARM
		{08872B06-F335-4E29-8AC4-203B587C089A}.Release|ARM.Build.0 = Release|ARM
		{08872B06-F335-4E29-8AC4-203B587C089A}.Release|ARM.Deploy.0 = Release|ARM
		{08872B06-F335-4E29-8AC4-203B587C089A}.Release|iPhone.ActiveCfg = Release|x86
		{08872B06-F335-4E29-8AC4-203B587C089A}.Release|iPhone.Build.0 = Release|x86
		{08872B06-F335-4E29-8AC4-203B587C089A}.Release|iPhone.Deploy.0 = Release|x86
		{08872B06-F335-4E29-8AC4-203B587C089A}.Release|iPhoneSimulator.ActiveCfg = Release|x86
		{08872B06-F335-4E29-8AC4-203B587C089A}.Release|iPhoneSimulator.Build.0 = Release|x86
		{08872B06-F335-4E29-8AC4-203B587C089A}.Release|iPhoneSimulator.Deploy.0 = Release|x86
		{08872B06-F335-4E29-8AC4-203B587C089A}.Release|x64.ActiveCfg = Release|x64
		{08872B06-F335-4E29-8AC4-203B587C089A}.Release|x64.Build.0 = Release|x64
		{08872B06-F335-4E29-8AC4-203B587C089A}.Release|x64.Deploy.0 = Release|x64
		{08872B06-F335-4E29-8AC4-203B587C089A}.Release|x86.ActiveCfg = Release|x86
		{08872B06-F335-4E29-8AC4-203B587C089A}.Release|x86.Build.0 = Release|x86
		{08872B06-F335-4E29-8AC4-203B587C089A}.Release|x86.Deploy.0 = Release|x86
		{08872B06-F335-4E29-8AC4-203B587C089A}.Release-xml|Any CPU.ActiveCfg = Debug|x64
		{08872B06-F335-4E29-8AC4-203B587C089A}.Release-xml|Any CPU.Build.0 = Debug|x64
		{08872B06-F335-4E29-8AC4-203B587C089A}.Release-xml|Any CPU.Deploy.0 = Debug|x64
		{08872B06-F335-4E29-8AC4-203B587C089A}.Release-xml|ARM.ActiveCfg = Release|ARM
		{08872B06-F335-4E29-8AC4-203B587C089A}.Release-xml|ARM.Build.0 = Release|ARM
		{08872B06-F335-4E29-8AC4-203B587C089A}.Release-xml|ARM.Deploy.0 = Release|ARM
		{08872B06-F335-4E29-8AC4-203B587C089A}.Release-xml|iPhone.ActiveCfg = Debug|x64
		{08872B06-F335-4E29-8AC4-203B587C089A}.Release-xml|iPhone.Build.0 = Debug|x64
		{08872B06-F335-4E29-8AC4-203B587C089A}.Release-xml|iPhone.Deploy.0 = Debug|x64
		{08872B06-F335-4E29-8AC4-203B587C089A}.Release-xml|iPhoneSimulator.ActiveCfg = Debug|x64
		{08872B06-F335-4E29-8AC4-203B587C089A}.Release-xml|iPhoneSimulator.Build.0 = Debug|x64
		{08872B06-F335-4E29-8AC4-203B587C089A}.Release-xml|iPhoneSimulator.Deploy.0 = Debug|x64
		{08872B06-F335-4E29-8AC4-203B587C089A}.Release-xml|x64.ActiveCfg = Release|x64
		{08872B06-F335-4E29-8AC4-203B587C089A}.Release-xml|x64.Build.0 = Release|x64
		{08872B06-F335-4E29-8AC4-203B587C089A}.Release-xml|x64.Deploy.0 = Release|x64
		{08872B06-F335-4E29-8AC4-203B587C089A}.Release-xml|x86.ActiveCfg = Release|x86
		{08872B06-F335-4E29-8AC4-203B587C089A}.Release-xml|x86.Build.0 = Release|x86
		{08872B06-F335-4E29-8AC4-203B587C089A}.Release-xml|x86.Deploy.0 = Release|x86
		{5451689D-4EC9-4B21-87B1-6683E8E598F1}.Ad-Hoc|Any CPU.ActiveCfg = Debug|Any CPU
		{5451689D-4EC9-4B21-87B1-6683E8E598F1}.Ad-Hoc|Any CPU.Build.0 = Debug|Any CPU
		{5451689D-4EC9-4B21-87B1-6683E8E598F1}.Ad-Hoc|Any CPU.Deploy.0 = Debug|Any CPU
		{5451689D-4EC9-4B21-87B1-6683E8E598F1}.Ad-Hoc|ARM.ActiveCfg = Debug|Any CPU
		{5451689D-4EC9-4B21-87B1-6683E8E598F1}.Ad-Hoc|ARM.Build.0 = Debug|Any CPU
		{5451689D-4EC9-4B21-87B1-6683E8E598F1}.Ad-Hoc|ARM.Deploy.0 = Debug|Any CPU
		{5451689D-4EC9-4B21-87B1-6683E8E598F1}.Ad-Hoc|iPhone.ActiveCfg = Debug|Any CPU
		{5451689D-4EC9-4B21-87B1-6683E8E598F1}.Ad-Hoc|iPhone.Build.0 = Debug|Any CPU
		{5451689D-4EC9-4B21-87B1-6683E8E598F1}.Ad-Hoc|iPhone.Deploy.0 = Debug|Any CPU
		{5451689D-4EC9-4B21-87B1-6683E8E598F1}.Ad-Hoc|iPhoneSimulator.ActiveCfg = Debug|Any CPU
		{5451689D-4EC9-4B21-87B1-6683E8E598F1}.Ad-Hoc|iPhoneSimulator.Build.0 = Debug|Any CPU
		{5451689D-4EC9-4B21-87B1-6683E8E598F1}.Ad-Hoc|iPhoneSimulator.Deploy.0 = Debug|Any CPU
		{5451689D-4EC9-4B21-87B1-6683E8E598F1}.Ad-Hoc|x64.ActiveCfg = Debug|Any CPU
		{5451689D-4EC9-4B21-87B1-6683E8E598F1}.Ad-Hoc|x64.Build.0 = Debug|Any CPU
		{5451689D-4EC9-4B21-87B1-6683E8E598F1}.Ad-Hoc|x64.Deploy.0 = Debug|Any CPU
		{5451689D-4EC9-4B21-87B1-6683E8E598F1}.Ad-Hoc|x86.ActiveCfg = Debug|Any CPU
		{5451689D-4EC9-4B21-87B1-6683E8E598F1}.Ad-Hoc|x86.Build.0 = Debug|Any CPU
		{5451689D-4EC9-4B21-87B1-6683E8E598F1}.Ad-Hoc|x86.Deploy.0 = Debug|Any CPU
		{5451689D-4EC9-4B21-87B1-6683E8E598F1}.AppStore|Any CPU.ActiveCfg = Debug|Any CPU
		{5451689D-4EC9-4B21-87B1-6683E8E598F1}.AppStore|Any CPU.Build.0 = Debug|Any CPU
		{5451689D-4EC9-4B21-87B1-6683E8E598F1}.AppStore|Any CPU.Deploy.0 = Debug|Any CPU
		{5451689D-4EC9-4B21-87B1-6683E8E598F1}.AppStore|ARM.ActiveCfg = Debug|Any CPU
		{5451689D-4EC9-4B21-87B1-6683E8E598F1}.AppStore|ARM.Build.0 = Debug|Any CPU
		{5451689D-4EC9-4B21-87B1-6683E8E598F1}.AppStore|ARM.Deploy.0 = Debug|Any CPU
		{5451689D-4EC9-4B21-87B1-6683E8E598F1}.AppStore|iPhone.ActiveCfg = Debug|Any CPU
		{5451689D-4EC9-4B21-87B1-6683E8E598F1}.AppStore|iPhone.Build.0 = Debug|Any CPU
		{5451689D-4EC9-4B21-87B1-6683E8E598F1}.AppStore|iPhone.Deploy.0 = Debug|Any CPU
		{5451689D-4EC9-4B21-87B1-6683E8E598F1}.AppStore|iPhoneSimulator.ActiveCfg = Debug|Any CPU
		{5451689D-4EC9-4B21-87B1-6683E8E598F1}.AppStore|iPhoneSimulator.Build.0 = Debug|Any CPU
		{5451689D-4EC9-4B21-87B1-6683E8E598F1}.AppStore|iPhoneSimulator.Deploy.0 = Debug|Any CPU
		{5451689D-4EC9-4B21-87B1-6683E8E598F1}.AppStore|x64.ActiveCfg = Debug|Any CPU
		{5451689D-4EC9-4B21-87B1-6683E8E598F1}.AppStore|x64.Build.0 = Debug|Any CPU
		{5451689D-4EC9-4B21-87B1-6683E8E598F1}.AppStore|x64.Deploy.0 = Debug|Any CPU
		{5451689D-4EC9-4B21-87B1-6683E8E598F1}.AppStore|x86.ActiveCfg = Debug|Any CPU
		{5451689D-4EC9-4B21-87B1-6683E8E598F1}.AppStore|x86.Build.0 = Debug|Any CPU
		{5451689D-4EC9-4B21-87B1-6683E8E598F1}.AppStore|x86.Deploy.0 = Debug|Any CPU
		{5451689D-4EC9-4B21-87B1-6683E8E598F1}.Debug|Any CPU.ActiveCfg = Debug|Any CPU
		{5451689D-4EC9-4B21-87B1-6683E8E598F1}.Debug|Any CPU.Build.0 = Debug|Any CPU
		{5451689D-4EC9-4B21-87B1-6683E8E598F1}.Debug|Any CPU.Deploy.0 = Debug|Any CPU
		{5451689D-4EC9-4B21-87B1-6683E8E598F1}.Debug|ARM.ActiveCfg = Debug|Any CPU
		{5451689D-4EC9-4B21-87B1-6683E8E598F1}.Debug|ARM.Build.0 = Debug|Any CPU
		{5451689D-4EC9-4B21-87B1-6683E8E598F1}.Debug|ARM.Deploy.0 = Debug|Any CPU
		{5451689D-4EC9-4B21-87B1-6683E8E598F1}.Debug|iPhone.ActiveCfg = Debug|Any CPU
		{5451689D-4EC9-4B21-87B1-6683E8E598F1}.Debug|iPhone.Build.0 = Debug|Any CPU
		{5451689D-4EC9-4B21-87B1-6683E8E598F1}.Debug|iPhone.Deploy.0 = Debug|Any CPU
		{5451689D-4EC9-4B21-87B1-6683E8E598F1}.Debug|iPhoneSimulator.ActiveCfg = Debug|Any CPU
		{5451689D-4EC9-4B21-87B1-6683E8E598F1}.Debug|iPhoneSimulator.Build.0 = Debug|Any CPU
		{5451689D-4EC9-4B21-87B1-6683E8E598F1}.Debug|iPhoneSimulator.Deploy.0 = Debug|Any CPU
		{5451689D-4EC9-4B21-87B1-6683E8E598F1}.Debug|x64.ActiveCfg = Debug|Any CPU
		{5451689D-4EC9-4B21-87B1-6683E8E598F1}.Debug|x64.Build.0 = Debug|Any CPU
		{5451689D-4EC9-4B21-87B1-6683E8E598F1}.Debug|x64.Deploy.0 = Debug|Any CPU
		{5451689D-4EC9-4B21-87B1-6683E8E598F1}.Debug|x86.ActiveCfg = Debug|Any CPU
		{5451689D-4EC9-4B21-87B1-6683E8E598F1}.Debug|x86.Build.0 = Debug|Any CPU
		{5451689D-4EC9-4B21-87B1-6683E8E598F1}.Debug|x86.Deploy.0 = Debug|Any CPU
		{5451689D-4EC9-4B21-87B1-6683E8E598F1}.Release|Any CPU.ActiveCfg = Release|Any CPU
		{5451689D-4EC9-4B21-87B1-6683E8E598F1}.Release|Any CPU.Build.0 = Release|Any CPU
		{5451689D-4EC9-4B21-87B1-6683E8E598F1}.Release|Any CPU.Deploy.0 = Release|Any CPU
		{5451689D-4EC9-4B21-87B1-6683E8E598F1}.Release|ARM.ActiveCfg = Release|Any CPU
		{5451689D-4EC9-4B21-87B1-6683E8E598F1}.Release|ARM.Build.0 = Release|Any CPU
		{5451689D-4EC9-4B21-87B1-6683E8E598F1}.Release|ARM.Deploy.0 = Release|Any CPU
		{5451689D-4EC9-4B21-87B1-6683E8E598F1}.Release|iPhone.ActiveCfg = Release|Any CPU
		{5451689D-4EC9-4B21-87B1-6683E8E598F1}.Release|iPhone.Build.0 = Release|Any CPU
		{5451689D-4EC9-4B21-87B1-6683E8E598F1}.Release|iPhone.Deploy.0 = Release|Any CPU
		{5451689D-4EC9-4B21-87B1-6683E8E598F1}.Release|iPhoneSimulator.ActiveCfg = Release|Any CPU
		{5451689D-4EC9-4B21-87B1-6683E8E598F1}.Release|iPhoneSimulator.Build.0 = Release|Any CPU
		{5451689D-4EC9-4B21-87B1-6683E8E598F1}.Release|iPhoneSimulator.Deploy.0 = Release|Any CPU
		{5451689D-4EC9-4B21-87B1-6683E8E598F1}.Release|x64.ActiveCfg = Release|Any CPU
		{5451689D-4EC9-4B21-87B1-6683E8E598F1}.Release|x64.Build.0 = Release|Any CPU
		{5451689D-4EC9-4B21-87B1-6683E8E598F1}.Release|x64.Deploy.0 = Release|Any CPU
		{5451689D-4EC9-4B21-87B1-6683E8E598F1}.Release|x86.ActiveCfg = Release|Any CPU
		{5451689D-4EC9-4B21-87B1-6683E8E598F1}.Release|x86.Build.0 = Release|Any CPU
		{5451689D-4EC9-4B21-87B1-6683E8E598F1}.Release|x86.Deploy.0 = Release|Any CPU
		{5451689D-4EC9-4B21-87B1-6683E8E598F1}.Release-xml|Any CPU.ActiveCfg = Release|Any CPU
		{5451689D-4EC9-4B21-87B1-6683E8E598F1}.Release-xml|Any CPU.Build.0 = Release|Any CPU
		{5451689D-4EC9-4B21-87B1-6683E8E598F1}.Release-xml|ARM.ActiveCfg = Release|Any CPU
		{5451689D-4EC9-4B21-87B1-6683E8E598F1}.Release-xml|ARM.Build.0 = Release|Any CPU
		{5451689D-4EC9-4B21-87B1-6683E8E598F1}.Release-xml|iPhone.ActiveCfg = Release|Any CPU
		{5451689D-4EC9-4B21-87B1-6683E8E598F1}.Release-xml|iPhone.Build.0 = Release|Any CPU
		{5451689D-4EC9-4B21-87B1-6683E8E598F1}.Release-xml|iPhoneSimulator.ActiveCfg = Release|Any CPU
		{5451689D-4EC9-4B21-87B1-6683E8E598F1}.Release-xml|iPhoneSimulator.Build.0 = Release|Any CPU
		{5451689D-4EC9-4B21-87B1-6683E8E598F1}.Release-xml|x64.ActiveCfg = Release|Any CPU
		{5451689D-4EC9-4B21-87B1-6683E8E598F1}.Release-xml|x64.Build.0 = Release|Any CPU
		{5451689D-4EC9-4B21-87B1-6683E8E598F1}.Release-xml|x86.ActiveCfg = Release|Any CPU
		{5451689D-4EC9-4B21-87B1-6683E8E598F1}.Release-xml|x86.Build.0 = Release|Any CPU
	EndGlobalSection
	GlobalSection(SolutionProperties) = preSolution
		HideSolutionNode = FALSE
	EndGlobalSection
	GlobalSection(ExtensibilityGlobals) = postSolution
		SolutionGuid = {34A4DA22-14F7-45A2-98C8-A2F2E82C3211}
	EndGlobalSection
EndGlobal
